
Microsoft Visual Studio Solution File, Format Version 12.00
# Visual Studio Version 16
VisualStudioVersion = 16.0.810.9
MinimumVisualStudioVersion = 10.0.40219.1
Project("{FAE04EC0-301F-11D3-BF4B-00C04F79EFBC}") = "CaesarCipher", "CaesarCipher\CaesarCipher.csproj", "{6DC0DDF5-E9CD-41D1-B76D-D811BE89EDB1}"
EndProject
Global
	GlobalSection(SolutionConfigurationPlatforms) = preSolution
		Debug|Any CPU = Debug|Any CPU
		Release|Any CPU = Release|Any CPU
	EndGlobalSection
	GlobalSection(ProjectConfigurationPlatforms) = postSolution
		{6DC0DDF5-E9CD-41D1-B76D-D811BE89EDB1}.Debug|Any CPU.ActiveCfg = Debug|Any CPU
		{6DC0DDF5-E9CD-41D1-B76D-D811BE89EDB1}.Debug|Any CPU.Build.0 = Debug|Any CPU
		{6DC0DDF5-E9CD-41D1-B76D-D811BE89EDB1}.Release|Any CPU.ActiveCfg = Release|Any CPU
		{6DC0DDF5-E9CD-41D1-B76D-D811BE89EDB1}.Release|Any CPU.Build.0 = Release|Any CPU
	EndGlobalSection
	GlobalSection(SolutionProperties) = preSolution
		HideSolutionNode = FALSE
	EndGlobalSection
	GlobalSection(ExtensibilityGlobals) = postSolution
		SolutionGuid = {1C5DDEAA-796D-4A04-973F-65E70EACDC19}
	EndGlobalSection
EndGlobal
